{
  "name": "faust",
  "version": "1.0.0",
  "lockfileVersion": 2,
  "requires": true,
  "packages": {
    "": {
      "name": "faust",
      "version": "1.0.0",
      "license": "ISC",
      "dependencies": {
        "@react-spring/parallax": "^9.4.5"
      }
    },
    "node_modules/@react-spring/animated": {
      "version": "9.4.5",
      "resolved": "https://registry.npmjs.org/@react-spring/animated/-/animated-9.4.5.tgz",
      "integrity": "sha512-KWqrtvJSMx6Fj9nMJkhTwM9r6LIriExDRV6YHZV9HKQsaolUFppgkOXpC+rsL1JEtEvKv6EkLLmSqHTnuYjiIA==",
      "dependencies": {
        "@react-spring/shared": "~9.4.5",
        "@react-spring/types": "~9.4.5"
      },
      "peerDependencies": {
        "react": "^16.8.0  || >=17.0.0 || >=18.0.0"
      }
    },
    "node_modules/@react-spring/core": {
      "version": "9.4.5",
      "resolved": "https://registry.npmjs.org/@react-spring/core/-/core-9.4.5.tgz",
      "integrity": "sha512-83u3FzfQmGMJFwZLAJSwF24/ZJctwUkWtyPD7KYtNagrFeQKUH1I05ZuhmCmqW+2w1KDW1SFWQ43RawqfXKiiQ==",
      "dependencies": {
        "@react-spring/animated": "~9.4.5",
        "@react-spring/rafz": "~9.4.5",
        "@react-spring/shared": "~9.4.5",
        "@react-spring/types": "~9.4.5"
      },
      "funding": {
        "type": "opencollective",
        "url": "https://opencollective.com/react-spring/donate"
      },
      "peerDependencies": {
        "react": "^16.8.0  || >=17.0.0 || >=18.0.0"
      }
    },
    "node_modules/@react-spring/parallax": {
      "version": "9.4.5",
      "resolved": "https://registry.npmjs.org/@react-spring/parallax/-/parallax-9.4.5.tgz",
      "integrity": "sha512-oN677+AFie3rpoD/02m6FXu5RARabztJTs1SywrmeLQlFJtx/gGL9eqSgUWbTtBQ3wV7FDzJ9knjkTwFLW8GPA==",
      "dependencies": {
        "@react-spring/shared": "~9.4.5",
        "@react-spring/web": "~9.4.5"
      },
      "peerDependencies": {
        "react": "^16.8.0  || >=17.0.0 || >=18.0.0",
        "react-dom": "^16.8.0  || >=17.0.0 || >=18.0.0"
      }
    },
    "node_modules/@react-spring/rafz": {
      "version": "9.4.5",
      "resolved": "https://registry.npmjs.org/@react-spring/rafz/-/rafz-9.4.5.tgz",
      "integrity": "sha512-swGsutMwvnoyTRxvqhfJBtGM8Ipx6ks0RkIpNX9F/U7XmyPvBMGd3GgX/mqxZUpdlsuI1zr/jiYw+GXZxAlLcQ=="
    },
    "node_modules/@react-spring/shared": {
      "version": "9.4.5",
      "resolved": "https://registry.npmjs.org/@react-spring/shared/-/shared-9.4.5.tgz",
      "integrity": "sha512-JhMh3nFKsqyag0KM5IIM8BQANGscTdd0mMv3BXsUiMZrcjQTskyfnv5qxEeGWbJGGar52qr5kHuBHtCjQOzniA==",
      "dependencies": {
        "@react-spring/rafz": "~9.4.5",
        "@react-spring/types": "~9.4.5"
      },
      "peerDependencies": {
        "react": "^16.8.0  || >=17.0.0 || >=18.0.0"
      }
    },
    "node_modules/@react-spring/types": {
      "version": "9.4.5",
      "resolved": "https://registry.npmjs.org/@react-spring/types/-/types-9.4.5.tgz",
      "integrity": "sha512-mpRIamoHwql0ogxEUh9yr4TP0xU5CWyZxVQeccGkHHF8kPMErtDXJlxyo0lj+telRF35XNihtPTWoflqtyARmg=="
    },
    "node_modules/@react-spring/web": {
      "version": "9.4.5",
      "resolved": "https://registry.npmjs.org/@react-spring/web/-/web-9.4.5.tgz",
      "integrity": "sha512-NGAkOtKmOzDEctL7MzRlQGv24sRce++0xAY7KlcxmeVkR7LRSGkoXHaIfm9ObzxPMcPHQYQhf3+X9jepIFNHQA==",
      "dependencies": {
        "@react-spring/animated": "~9.4.5",
        "@react-spring/core": "~9.4.5",
        "@react-spring/shared": "~9.4.5",
        "@react-spring/types": "~9.4.5"
      },
      "peerDependencies": {
        "react": "^16.8.0  || >=17.0.0 || >=18.0.0",
        "react-dom": "^16.8.0  || >=17.0.0 || >=18.0.0"
      }
    },
    "node_modules/js-tokens": {
      "version": "4.0.0",
      "resolved": "https://registry.npmjs.org/js-tokens/-/js-tokens-4.0.0.tgz",
      "integrity": "sha512-RdJUflcE3cUzKiMqQgsCu06FPu9UdIJO0beYbPhHN4k6apgJtifcoCtT9bcxOpYBtpD2kCM6Sbzg4CausW/PKQ==",
      "peer": true
    },
    "node_modules/loose-envify": {
      "version": "1.4.0",
      "resolved": "https://registry.npmjs.org/loose-envify/-/loose-envify-1.4.0.tgz",
      "integrity": "sha512-lyuxPGr/Wfhrlem2CL/UcnUc1zcqKAImBDzukY7Y5F/yQiNdko6+fRLevlw1HgMySw7f611UIY408EtxRSoK3Q==",
      "peer": true,
      "dependencies": {
        "js-tokens": "^3.0.0 || ^4.0.0"
      },
      "bin": {
        "loose-envify": "cli.js"
      }
    },
    "node_modules/react": {
      "version": "18.1.0",
      "resolved": "https://registry.npmjs.org/react/-/react-18.1.0.tgz",
      "integrity": "sha512-4oL8ivCz5ZEPyclFQXaNksK3adutVS8l2xzZU0cqEFrE9Sb7fC0EFK5uEk74wIreL1DERyjvsU915j1pcT2uEQ==",
      "peer": true,
      "dependencies": {
        "loose-envify": "^1.1.0"
      },
      "engines": {
        "node": ">=0.10.0"
      }
    },
    "node_modules/react-dom": {
      "version": "18.1.0",
      "resolved": "https://registry.npmjs.org/react-dom/-/react-dom-18.1.0.tgz",
      "integrity": "sha512-fU1Txz7Budmvamp7bshe4Zi32d0ll7ect+ccxNu9FlObT605GOEB8BfO4tmRJ39R5Zj831VCpvQ05QPBW5yb+w==",
      "peer": true,
      "dependencies": {
        "loose-envify": "^1.1.0",
        "scheduler": "^0.22.0"
      },
      "peerDependencies": {
        "react": "^18.1.0"
      }
    },
    "node_modules/scheduler": {
      "version": "0.22.0",
      "resolved": "https://registry.npmjs.org/scheduler/-/scheduler-0.22.0.tgz",
      "integrity": "sha512-6QAm1BgQI88NPYymgGQLCZgvep4FyePDWFpXVK+zNSUgHwlqpJy8VEh8Et0KxTACS4VWwMousBElAZOH9nkkoQ==",
      "peer": true,
      "dependencies": {
        "loose-envify": "^1.1.0"
      }
    }
  },
  "dependencies": {
    "@react-spring/animated": {
      "version": "9.4.5",
      "resolved": "https://registry.npmjs.org/@react-spring/animated/-/animated-9.4.5.tgz",
      "integrity": "sha512-KWqrtvJSMx6Fj9nMJkhTwM9r6LIriExDRV6YHZV9HKQsaolUFppgkOXpC+rsL1JEtEvKv6EkLLmSqHTnuYjiIA==",
      "requires": {
        "@react-spring/shared": "~9.4.5",
        "@react-spring/types": "~9.4.5"
      }
    },
    "@react-spring/core": {
      "version": "9.4.5",
      "resolved": "https://registry.npmjs.org/@react-spring/core/-/core-9.4.5.tgz",
      "integrity": "sha512-83u3FzfQmGMJFwZLAJSwF24/ZJctwUkWtyPD7KYtNagrFeQKUH1I05ZuhmCmqW+2w1KDW1SFWQ43RawqfXKiiQ==",
      "requires": {
        "@react-spring/animated": "~9.4.5",
        "@react-spring/rafz": "~9.4.5",
        "@react-spring/shared": "~9.4.5",
        "@react-spring/types": "~9.4.5"
      }
    },
    "@react-spring/parallax": {
      "version": "9.4.5",
      "resolved": "https://registry.npmjs.org/@react-spring/parallax/-/parallax-9.4.5.tgz",
      "integrity": "sha512-oN677+AFie3rpoD/02m6FXu5RARabztJTs1SywrmeLQlFJtx/gGL9eqSgUWbTtBQ3wV7FDzJ9knjkTwFLW8GPA==",
      "requires": {
        "@react-spring/shared": "~9.4.5",
        "@react-spring/web": "~9.4.5"
      }
    },
    "@react-spring/rafz": {
      "version": "9.4.5",
      "resolved": "https://registry.npmjs.org/@react-spring/rafz/-/rafz-9.4.5.tgz",
      "integrity": "sha512-swGsutMwvnoyTRxvqhfJBtGM8Ipx6ks0RkIpNX9F/U7XmyPvBMGd3GgX/mqxZUpdlsuI1zr/jiYw+GXZxAlLcQ=="
    },
    "@react-spring/shared": {
      "version": "9.4.5",
      "resolved": "https://registry.npmjs.org/@react-spring/shared/-/shared-9.4.5.tgz",
      "integrity": "sha512-JhMh3nFKsqyag0KM5IIM8BQANGscTdd0mMv3BXsUiMZrcjQTskyfnv5qxEeGWbJGGar52qr5kHuBHtCjQOzniA==",
      "requires": {
        "@react-spring/rafz": "~9.4.5",
        "@react-spring/types": "~9.4.5"
      }
    },
    "@react-spring/types": {
      "version": "9.4.5",
      "resolved": "https://registry.npmjs.org/@react-spring/types/-/types-9.4.5.tgz",
      "integrity": "sha512-mpRIamoHwql0ogxEUh9yr4TP0xU5CWyZxVQeccGkHHF8kPMErtDXJlxyo0lj+telRF35XNihtPTWoflqtyARmg=="
    },
    "@react-spring/web": {
      "version": "9.4.5",
      "resolved": "https://registry.npmjs.org/@react-spring/web/-/web-9.4.5.tgz",
      "integrity": "sha512-NGAkOtKmOzDEctL7MzRlQGv24sRce++0xAY7KlcxmeVkR7LRSGkoXHaIfm9ObzxPMcPHQYQhf3+X9jepIFNHQA==",
      "requires": {
        "@react-spring/animated": "~9.4.5",
        "@react-spring/core": "~9.4.5",
        "@react-spring/shared": "~9.4.5",
        "@react-spring/types": "~9.4.5"
      }
    },
    "js-tokens": {
      "version": "4.0.0",
      "resolved": "https://registry.npmjs.org/js-tokens/-/js-tokens-4.0.0.tgz",
      "integrity": "sha512-RdJUflcE3cUzKiMqQgsCu06FPu9UdIJO0beYbPhHN4k6apgJtifcoCtT9bcxOpYBtpD2kCM6Sbzg4CausW/PKQ==",
      "peer": true
    },
    "loose-envify": {
      "version": "1.4.0",
      "resolved": "https://registry.npmjs.org/loose-envify/-/loose-envify-1.4.0.tgz",
      "integrity": "sha512-lyuxPGr/Wfhrlem2CL/UcnUc1zcqKAImBDzukY7Y5F/yQiNdko6+fRLevlw1HgMySw7f611UIY408EtxRSoK3Q==",
      "peer": true,
      "requires": {
        "js-tokens": "^3.0.0 || ^4.0.0"
      }
    },
    "react": {
      "version": "18.1.0",
      "resolved": "https://registry.npmjs.org/react/-/react-18.1.0.tgz",
      "integrity": "sha512-4oL8ivCz5ZEPyclFQXaNksK3adutVS8l2xzZU0cqEFrE9Sb7fC0EFK5uEk74wIreL1DERyjvsU915j1pcT2uEQ==",
      "peer": true,
      "requires": {
        "loose-envify": "^1.1.0"
      }
    },
    "react-dom": {
      "version": "18.1.0",
      "resolved": "https://registry.npmjs.org/react-dom/-/react-dom-18.1.0.tgz",
      "integrity": "sha512-fU1Txz7Budmvamp7bshe4Zi32d0ll7ect+ccxNu9FlObT605GOEB8BfO4tmRJ39R5Zj831VCpvQ05QPBW5yb+w==",
      "peer": true,
      "requires": {
        "loose-envify": "^1.1.0",
        "scheduler": "^0.22.0"
      }
    },
    "scheduler": {
      "version": "0.22.0",
      "resolved": "https://registry.npmjs.org/scheduler/-/scheduler-0.22.0.tgz",
      "integrity": "sha512-6QAm1BgQI88NPYymgGQLCZgvep4FyePDWFpXVK+zNSUgHwlqpJy8VEh8Et0KxTACS4VWwMousBElAZOH9nkkoQ==",
      "peer": true,
      "requires": {
        "loose-envify": "^1.1.0"
      }
    }
  }
}
